PODS:
  - Alamofire (5.6.4)
  - AppAuth (1.6.0):
    - AppAuth/Core (= 1.6.0)
    - AppAuth/ExternalUserAgent (= 1.6.0)
  - AppAuth/Core (1.6.0)
  - AppAuth/ExternalUserAgent (1.6.0):
    - AppAuth/Core
  - FSCalendar (2.8.4)
  - GoogleSignIn (7.0.0):
    - AppAuth (~> 1.5)
    - GTMAppAuth (< 3.0, >= 1.3)
    - GTMSessionFetcher/Core (< 4.0, >= 1.1)
  - GTMAppAuth (2.0.0):
    - AppAuth/Core (~> 1.6)
    - GTMSessionFetcher/Core (< 4.0, >= 1.5)
  - GTMSessionFetcher/Core (3.1.0)
  - KakaoSDK (2.14.0):
    - KakaoSDKAuth (= 2.14.0)
    - KakaoSDKCommon (= 2.14.0)
    - KakaoSDKFriend (= 2.14.0)
    - KakaoSDKNavi (= 2.14.0)
    - KakaoSDKShare (= 2.14.0)
    - KakaoSDKStory (= 2.14.0)
    - KakaoSDKTalk (= 2.14.0)
    - KakaoSDKTemplate (= 2.14.0)
    - KakaoSDKUser (= 2.14.0)
  - KakaoSDKAuth (2.14.0):
    - KakaoSDKCommon (= 2.14.0)
  - KakaoSDKCommon (2.14.0):
    - KakaoSDKCommon/Common (= 2.14.0)
    - KakaoSDKCommon/Network (= 2.14.0)
  - KakaoSDKCommon/Common (2.14.0)
  - KakaoSDKCommon/Network (2.14.0):
    - Alamofire (~> 5.1)
    - KakaoSDKCommon/Common (= 2.14.0)
  - KakaoSDKFriend (2.14.0):
    - KakaoSDKUser (= 2.14.0)
  - KakaoSDKNavi (2.14.0):
    - KakaoSDKCommon/Common (= 2.14.0)
  - KakaoSDKShare (2.14.0):
    - KakaoSDKCommon (= 2.14.0)
    - KakaoSDKTemplate (= 2.14.0)
  - KakaoSDKStory (2.14.0):
    - KakaoSDKUser (= 2.14.0)
  - KakaoSDKTalk (2.14.0):
    - KakaoSDKTemplate (= 2.14.0)
    - KakaoSDKUser (= 2.14.0)
  - KakaoSDKTemplate (2.14.0):
    - KakaoSDKCommon/Common (= 2.14.0)
  - KakaoSDKUser (2.14.0):
    - KakaoSDKAuth (= 2.14.0)
  - SnapKit (5.0.1)
  - Then (3.0.0)

DEPENDENCIES:
  - FSCalendar
  - GoogleSignIn
  - KakaoSDK
  - SnapKit (~> 5.0.0)
  - Then

SPEC REPOS:
  trunk:
    - Alamofire
    - AppAuth
    - FSCalendar
    - GoogleSignIn
    - GTMAppAuth
    - GTMSessionFetcher
    - KakaoSDK
    - KakaoSDKAuth
    - KakaoSDKCommon
    - KakaoSDKFriend
    - KakaoSDKNavi
    - KakaoSDKShare
    - KakaoSDKStory
    - KakaoSDKTalk
    - KakaoSDKTemplate
    - KakaoSDKUser
    - SnapKit
    - Then

SPEC CHECKSUMS:
  Alamofire: 4e95d97098eacb88856099c4fc79b526a299e48c
  AppAuth: 8fca6b5563a5baef2c04bee27538025e4ceb2add
  FSCalendar: 2d1d0d9398f12d439f55c1fe0f01525b151b8260
  GoogleSignIn: b232380cf495a429b8095d3178a8d5855b42e842
  GTMAppAuth: 99fb010047ba3973b7026e45393f51f27ab965ae
  GTMSessionFetcher: c9e714f7eec91a55641e2bab9f45fd83a219b882
  KakaoSDK: c294f30452701752c0b8a283e88ed97c36e80006
  KakaoSDKAuth: 8fca87815de22062a23297983f327613b087b8bb
  KakaoSDKCommon: 0ce638f7a2e49704943c0b74a087a9f8067bba1c
  KakaoSDKFriend: 9b742a3a4d96ba9b8c20958476e3a871685fa607
  KakaoSDKNavi: 5dbacc78b915ddb80359b3f041e7428a44e11a82
  KakaoSDKShare: 342acc83d47a26c73855555ce070c6d55db37f83
  KakaoSDKStory: 61472ba65d11945796635652a2e200487d279e91
  KakaoSDKTalk: 6843127498cc01d4bda598e3da96e4c16070deb6
  KakaoSDKTemplate: 37fe90573759d54843da54fa66b8e21023b41fea
  KakaoSDKUser: 2ca18314ce72e6690f76cb1f6f9fbc771d31a803
  SnapKit: 97b92857e3df3a0c71833cce143274bf6ef8e5eb
  Then: 844265ae87834bbe1147d91d5d41a404da2ec27d

PODFILE CHECKSUM: 06e04b3ddee81bd65ebef90fe4b8ac0040702b90

COCOAPODS: 1.11.3
