// !$*UTF8*$!
{
	archiveVersion = 1;
	classes = {
	};
	objectVersion = 55;
	objects = {

/* Begin PBXBuildFile section */
		09DC8FD3F8AB39CCB7FE1B62 /* Pods_OnandOff.framework in Frameworks */ = {isa = PBXBuildFile; fileRef = 36AE5F0746509503177A09B9 /* Pods_OnandOff.framework */; };
		25432FDB299E378900CC2FBC /* String+.swift in Sources */ = {isa = PBXBuildFile; fileRef = 25432FDA299E378900CC2FBC /* String+.swift */; };
		25E32F52299B61E5003FF02B /* FindPasswordViewController.swift in Sources */ = {isa = PBXBuildFile; fileRef = 25E32F51299B61E5003FF02B /* FindPasswordViewController.swift */; };
		5DA014FF29A69DEA005F25AE /* EditProfileViewController.swift in Sources */ = {isa = PBXBuildFile; fileRef = 5DA014FE29A69DEA005F25AE /* EditProfileViewController.swift */; };
		5DB24CA82995B76600654978 /* SettingCell.swift in Sources */ = {isa = PBXBuildFile; fileRef = 5DB24CA72995B76600654978 /* SettingCell.swift */; };
		5DB24CAA2995BB5900654978 /* RegisterationController.swift in Sources */ = {isa = PBXBuildFile; fileRef = 5DB24CA92995BB5900654978 /* RegisterationController.swift */; };
		5DB24CAC2995BB8A00654978 /* EmailLoginViewController.swift in Sources */ = {isa = PBXBuildFile; fileRef = 5DB24CAB2995BB8A00654978 /* EmailLoginViewController.swift */; };
		5DB24CAE2995CC4B00654978 /* AuthModel.swift in Sources */ = {isa = PBXBuildFile; fileRef = 5DB24CAD2995CC4B00654978 /* AuthModel.swift */; };
		5DB24CB02995CC6E00654978 /* AuthService.swift in Sources */ = {isa = PBXBuildFile; fileRef = 5DB24CAF2995CC6E00654978 /* AuthService.swift */; };
		5DB24CB22995CC7D00654978 /* TokenService.swift in Sources */ = {isa = PBXBuildFile; fileRef = 5DB24CB12995CC7D00654978 /* TokenService.swift */; };
		5DCAA34F299F9A63005090E5 /* EmailAuthViewController.swift in Sources */ = {isa = PBXBuildFile; fileRef = 5DCAA34E299F9A63005090E5 /* EmailAuthViewController.swift */; };
		5DCAA351299FBB7F005090E5 /* CheckView.swift in Sources */ = {isa = PBXBuildFile; fileRef = 5DCAA350299FBB7F005090E5 /* CheckView.swift */; };
		5DCAA353299FC619005090E5 /* AgreeViewController.swift in Sources */ = {isa = PBXBuildFile; fileRef = 5DCAA352299FC619005090E5 /* AgreeViewController.swift */; };
		5DCB6BDD29A9A32100EE5580 /* UIButton+.swift in Sources */ = {isa = PBXBuildFile; fileRef = 5DCB6BDC29A9A32100EE5580 /* UIButton+.swift */; };
		DB000F00297011A50097D6C8 /* MyPageCell.swift in Sources */ = {isa = PBXBuildFile; fileRef = DB000EFF297011A50097D6C8 /* MyPageCell.swift */; };
		DB000F02297011D70097D6C8 /* LoginViewController.swift in Sources */ = {isa = PBXBuildFile; fileRef = DB000F01297011D70097D6C8 /* LoginViewController.swift */; };
		DB000F06297012010097D6C8 /* ProfileMakeViewController.swift in Sources */ = {isa = PBXBuildFile; fileRef = DB000F05297012010097D6C8 /* ProfileMakeViewController.swift */; };
		DB2503EA29A9EDFE00B0AE39 /* FeedListModel.swift in Sources */ = {isa = PBXBuildFile; fileRef = DB2503E929A9EDFE00B0AE39 /* FeedListModel.swift */; };
		DB2503EC29AA21F300B0AE39 /* ImgPageControlView.swift in Sources */ = {isa = PBXBuildFile; fileRef = DB2503EB29AA21F300B0AE39 /* ImgPageControlView.swift */; };
		DB2503EE29AA619F00B0AE39 /* UIImage+.swift in Sources */ = {isa = PBXBuildFile; fileRef = DB2503ED29AA619F00B0AE39 /* UIImage+.swift */; };
		DB2503F029AA6BF600B0AE39 /* TopTapBarDelegate.swift in Sources */ = {isa = PBXBuildFile; fileRef = DB2503EF29AA6BF600B0AE39 /* TopTapBarDelegate.swift */; };
		DB284A7A29B8D9C800630FCE /* ProfileService.swift in Sources */ = {isa = PBXBuildFile; fileRef = DB284A7929B8D9C800630FCE /* ProfileService.swift */; };
		DB284A7C29B8E70C00630FCE /* ImageUploadDelegate.swift in Sources */ = {isa = PBXBuildFile; fileRef = DB284A7B29B8E70C00630FCE /* ImageUploadDelegate.swift */; };
		DB3545EF29BEBF2900A6087E /* OtherProfileViewController.swift in Sources */ = {isa = PBXBuildFile; fileRef = DB3545EE29BEBF2900A6087E /* OtherProfileViewController.swift */; };
		DB3545F129BED6AF00A6087E /* CalendarHeaderView.swift in Sources */ = {isa = PBXBuildFile; fileRef = DB3545F029BED6AF00A6087E /* CalendarHeaderView.swift */; };
		DB3545F329BF4D7300A6087E /* DefaultModel.swift in Sources */ = {isa = PBXBuildFile; fileRef = DB3545F229BF4D7300A6087E /* DefaultModel.swift */; };
		DB3545F529C095EA00A6087E /* UnderLineTextFiled.swift in Sources */ = {isa = PBXBuildFile; fileRef = DB3545F429C095EA00A6087E /* UnderLineTextFiled.swift */; };
		DB3545F729C0A42600A6087E /* UnderLineTextFieldDelegate.swift in Sources */ = {isa = PBXBuildFile; fileRef = DB3545F629C0A42600A6087E /* UnderLineTextFieldDelegate.swift */; };
		DB3632B829C78391006157F9 /* StandardActionSheetViewcontroller.swift in Sources */ = {isa = PBXBuildFile; fileRef = DB3632B729C78391006157F9 /* StandardActionSheetViewcontroller.swift */; };
		DB3632BB29C78D37006157F9 /* StandardActionSheetAction.swift in Sources */ = {isa = PBXBuildFile; fileRef = DB3632BA29C78D37006157F9 /* StandardActionSheetAction.swift */; };
		DB36866429C1BF0500FE0C04 /* EmailModel.swift in Sources */ = {isa = PBXBuildFile; fileRef = DB36866329C1BF0500FE0C04 /* EmailModel.swift */; };
		DB3732CC29C3238A004A2DD2 /* ReportViewDelegate.swift in Sources */ = {isa = PBXBuildFile; fileRef = DB3732CB29C3238A004A2DD2 /* ReportViewDelegate.swift */; };
		DB3732CE29C32DED004A2DD2 /* OtherFeedCellWithDay.swift in Sources */ = {isa = PBXBuildFile; fileRef = DB3732CD29C32DED004A2DD2 /* OtherFeedCellWithDay.swift */; };
		DB3732D029C33420004A2DD2 /* FeedModel.swift in Sources */ = {isa = PBXBuildFile; fileRef = DB3732CF29C33420004A2DD2 /* FeedModel.swift */; };
		DB39C06029C5CBBB008B566C /* ImageCacheManager.swift in Sources */ = {isa = PBXBuildFile; fileRef = DB39C05F29C5CBBB008B566C /* ImageCacheManager.swift */; };
		DB3B464729AB3CF8005F90C3 /* CategoryModel.swift in Sources */ = {isa = PBXBuildFile; fileRef = DB3B464629AB3CF8005F90C3 /* CategoryModel.swift */; };
		DB3B601829BDB4D40087B04B /* FeedCellWithHome.swift in Sources */ = {isa = PBXBuildFile; fileRef = DB3B601729BDB4D40087B04B /* FeedCellWithHome.swift */; };
		DB3B601A29BDD8800087B04B /* ActionSheetViewController.swift in Sources */ = {isa = PBXBuildFile; fileRef = DB3B601929BDD8800087B04B /* ActionSheetViewController.swift */; };
		DB3B601C29BDDF940087B04B /* FeedDelegate.swift in Sources */ = {isa = PBXBuildFile; fileRef = DB3B601B29BDDF940087B04B /* FeedDelegate.swift */; };
		DB3DE7C629B60BC000A95218 /* MyPageModel.swift in Sources */ = {isa = PBXBuildFile; fileRef = DB3DE7C529B60BC000A95218 /* MyPageModel.swift */; };
		DB3DE7C829B60C8700A95218 /* MyPageService.swift in Sources */ = {isa = PBXBuildFile; fileRef = DB3DE7C729B60C8700A95218 /* MyPageService.swift */; };
		DB3DE7CA29B62A4D00A95218 /* ProfileModel.swift in Sources */ = {isa = PBXBuildFile; fileRef = DB3DE7C929B62A4D00A95218 /* ProfileModel.swift */; };
		DB3EB8B9299E054800434666 /* ReportActionSheet.swift in Sources */ = {isa = PBXBuildFile; fileRef = DB3EB8B8299E054800434666 /* ReportActionSheet.swift */; };
		DB3EB8BC299E086D00434666 /* LookAroundDelegate.swift in Sources */ = {isa = PBXBuildFile; fileRef = DB3EB8BB299E086D00434666 /* LookAroundDelegate.swift */; };
		DB3EB8BE299E384400434666 /* ReportViewController.swift in Sources */ = {isa = PBXBuildFile; fileRef = DB3EB8BD299E384400434666 /* ReportViewController.swift */; };
		DB3EB8C0299E3B1600434666 /* ReportType.swift in Sources */ = {isa = PBXBuildFile; fileRef = DB3EB8BF299E3B1600434666 /* ReportType.swift */; };
		DB3EB8C2299E414200434666 /* ReportCell.swift in Sources */ = {isa = PBXBuildFile; fileRef = DB3EB8C1299E414200434666 /* ReportCell.swift */; };
		DB4FACF129C4A1CC004E51C2 /* GoogleService-Info.plist in Resources */ = {isa = PBXBuildFile; fileRef = DB4FACF029C4A1CC004E51C2 /* GoogleService-Info.plist */; };
		DB58082529B70C5F0095BEEF /* CalendarHeader.swift in Sources */ = {isa = PBXBuildFile; fileRef = DB58082429B70C5F0095BEEF /* CalendarHeader.swift */; };
		DB58082829B722440095BEEF /* CalendarHeaderDelegate.swift in Sources */ = {isa = PBXBuildFile; fileRef = DB58082729B722440095BEEF /* CalendarHeaderDelegate.swift */; };
		DB58082A29B729100095BEEF /* TextFieldComponent.swift in Sources */ = {isa = PBXBuildFile; fileRef = DB58082929B729100095BEEF /* TextFieldComponent.swift */; };
		DB5AFDE12960052D00667336 /* AppDelegate.swift in Sources */ = {isa = PBXBuildFile; fileRef = DB5AFDE02960052D00667336 /* AppDelegate.swift */; };
		DB5AFDE32960052D00667336 /* SceneDelegate.swift in Sources */ = {isa = PBXBuildFile; fileRef = DB5AFDE22960052D00667336 /* SceneDelegate.swift */; };
		DB5AFDE52960052D00667336 /* CustomActionSheet.swift in Sources */ = {isa = PBXBuildFile; fileRef = DB5AFDE42960052D00667336 /* CustomActionSheet.swift */; };
		DB5AFDEA2960053100667336 /* Assets.xcassets in Resources */ = {isa = PBXBuildFile; fileRef = DB5AFDE92960053100667336 /* Assets.xcassets */; };
		DB5AFDED2960053100667336 /* LaunchScreen.storyboard in Resources */ = {isa = PBXBuildFile; fileRef = DB5AFDEB2960053100667336 /* LaunchScreen.storyboard */; };
		DB5AFDF92960068F00667336 /* UIColor+.swift in Sources */ = {isa = PBXBuildFile; fileRef = DB5AFDF82960068F00667336 /* UIColor+.swift */; };
		DB5AFE052960130900667336 /* NotoSans-Regular.ttf in Resources */ = {isa = PBXBuildFile; fileRef = DB5AFE042960130900667336 /* NotoSans-Regular.ttf */; };
		DB5AFE062960130C00667336 /* NotoSans-Bold.ttf in Resources */ = {isa = PBXBuildFile; fileRef = DB5AFE03296012FB00667336 /* NotoSans-Bold.ttf */; };
		DB5AFE082960134400667336 /* UIFont+.swift in Sources */ = {isa = PBXBuildFile; fileRef = DB5AFE072960134400667336 /* UIFont+.swift */; };
		DB5AFE0E2960171100667336 /* HomeViewController.swift in Sources */ = {isa = PBXBuildFile; fileRef = DB5AFE0D2960171100667336 /* HomeViewController.swift */; };
		DB5AFE102960171E00667336 /* LookAroundViewController.swift in Sources */ = {isa = PBXBuildFile; fileRef = DB5AFE0F2960171E00667336 /* LookAroundViewController.swift */; };
		DB5AFE122960173900667336 /* MyPageViewController.swift in Sources */ = {isa = PBXBuildFile; fileRef = DB5AFE112960173800667336 /* MyPageViewController.swift */; };
		DB5E6A3429C0DF850078B27F /* TermsOfUseViewController.swift in Sources */ = {isa = PBXBuildFile; fileRef = DB5E6A3329C0DF850078B27F /* TermsOfUseViewController.swift */; };
		DB5E6A3629C0E6D00078B27F /* PrivacyTermsViewController.swift in Sources */ = {isa = PBXBuildFile; fileRef = DB5E6A3529C0E6D00078B27F /* PrivacyTermsViewController.swift */; };
		DB5E6A3829C0ED2E0078B27F /* UIViewController+.swift in Sources */ = {isa = PBXBuildFile; fileRef = DB5E6A3729C0ED2E0078B27F /* UIViewController+.swift */; };
		DB61A71729BDE57B00D3CE06 /* ActionSheetDelegate.swift in Sources */ = {isa = PBXBuildFile; fileRef = DB61A71629BDE57B00D3CE06 /* ActionSheetDelegate.swift */; };
		DB61A71929BDEB0600D3CE06 /* DetailFeedModel.swift in Sources */ = {isa = PBXBuildFile; fileRef = DB61A71829BDEB0600D3CE06 /* DetailFeedModel.swift */; };
		DB7987A329BB8D7500E0CACC /* CategoryDelegate.swift in Sources */ = {isa = PBXBuildFile; fileRef = DB7987A229BB8D7500E0CACC /* CategoryDelegate.swift */; };
		DB7987A529BC6EEE00E0CACC /* CalendarCell.swift in Sources */ = {isa = PBXBuildFile; fileRef = DB7987A429BC6EEE00E0CACC /* CalendarCell.swift */; };
		DB7987A729BDA45700E0CACC /* FeedWithDayViewController.swift in Sources */ = {isa = PBXBuildFile; fileRef = DB7987A629BDA45700E0CACC /* FeedWithDayViewController.swift */; };
		DB7BDC8A2961601200AA304B /* CustomTopTabbar.swift in Sources */ = {isa = PBXBuildFile; fileRef = DB7BDC892961601200AA304B /* CustomTopTabbar.swift */; };
		DB7BDC8C2961BCF400AA304B /* FeedCell.swift in Sources */ = {isa = PBXBuildFile; fileRef = DB7BDC8B2961BCF400AA304B /* FeedCell.swift */; };
		DB80B37D29BA0FDE009F8E2E /* StatisticsComponent.swift in Sources */ = {isa = PBXBuildFile; fileRef = DB80B37C29BA0FDE009F8E2E /* StatisticsComponent.swift */; };
		DB80B37F29BA29BB009F8E2E /* StatisticsService.swift in Sources */ = {isa = PBXBuildFile; fileRef = DB80B37E29BA29BB009F8E2E /* StatisticsService.swift */; };
		DB80B38129BA2DBE009F8E2E /* StatisticsModel.swift in Sources */ = {isa = PBXBuildFile; fileRef = DB80B38029BA2DBE009F8E2E /* StatisticsModel.swift */; };
		DB80B38329BA4998009F8E2E /* Date+.swift in Sources */ = {isa = PBXBuildFile; fileRef = DB80B38229BA4998009F8E2E /* Date+.swift */; };
		DB80B38529BA4CD6009F8E2E /* CalendarInfoModel.swift in Sources */ = {isa = PBXBuildFile; fileRef = DB80B38429BA4CD6009F8E2E /* CalendarInfoModel.swift */; };
		DB80B38729BB7824009F8E2E /* CategoryCell.swift in Sources */ = {isa = PBXBuildFile; fileRef = DB80B38629BB7824009F8E2E /* CategoryCell.swift */; };
		DBAB63E929C203CA00A056C7 /* CreateProfileModel.swift in Sources */ = {isa = PBXBuildFile; fileRef = DBAB63E829C203CA00A056C7 /* CreateProfileModel.swift */; };
		DBAB63EB29C206C900A056C7 /* OtherFeedCell.swift in Sources */ = {isa = PBXBuildFile; fileRef = DBAB63EA29C206C900A056C7 /* OtherFeedCell.swift */; };
		DBAB63ED29C21B6400A056C7 /* OtherFeedWithDayViewController.swift in Sources */ = {isa = PBXBuildFile; fileRef = DBAB63EC29C21B6400A056C7 /* OtherFeedWithDayViewController.swift */; };
		DBAB63EF29C2C3B800A056C7 /* AlarmService.swift in Sources */ = {isa = PBXBuildFile; fileRef = DBAB63EE29C2C3B800A056C7 /* AlarmService.swift */; };
		DBAB63F129C2D01400A056C7 /* AlarmStatusModel.swift in Sources */ = {isa = PBXBuildFile; fileRef = DBAB63F029C2D01400A056C7 /* AlarmStatusModel.swift */; };
		DBC3618B29A097490011C319 /* StandardAlertController.swift in Sources */ = {isa = PBXBuildFile; fileRef = DBC3618A29A097490011C319 /* StandardAlertController.swift */; };
		DBC3618D29A0A5340011C319 /* PaddingLabel.swift in Sources */ = {isa = PBXBuildFile; fileRef = DBC3618C29A0A5340011C319 /* PaddingLabel.swift */; };
		DBC3618F29A0A8550011C319 /* StandardAlertAction.swift in Sources */ = {isa = PBXBuildFile; fileRef = DBC3618E29A0A8550011C319 /* StandardAlertAction.swift */; };
		DBC3619129A0B05C0011C319 /* NotificationName+.swift in Sources */ = {isa = PBXBuildFile; fileRef = DBC3619029A0B05C0011C319 /* NotificationName+.swift */; };
		DBC3619629A0C3000011C319 /* mainButton.swift in Sources */ = {isa = PBXBuildFile; fileRef = DBC3619529A0C3000011C319 /* mainButton.swift */; };
		DBC3619829A0F8CD0011C319 /* FeedService.swift in Sources */ = {isa = PBXBuildFile; fileRef = DBC3619729A0F8CD0011C319 /* FeedService.swift */; };
		DBD8DD5F296315150081CD21 /* ProfileView.swift in Sources */ = {isa = PBXBuildFile; fileRef = DBD8DD5E296315150081CD21 /* ProfileView.swift */; };
		DBED0ED929B4C71900415219 /* ReportModel.swift in Sources */ = {isa = PBXBuildFile; fileRef = DBED0ED829B4C71900415219 /* ReportModel.swift */; };
		E56E0E9429934661009FD906 /* SettingViewController.swift in Sources */ = {isa = PBXBuildFile; fileRef = E56E0E8729934661009FD906 /* SettingViewController.swift */; };
		E56E0E9529934661009FD906 /* PolicyViewController.swift in Sources */ = {isa = PBXBuildFile; fileRef = E56E0E8829934661009FD906 /* PolicyViewController.swift */; };
		E56E0E9629934661009FD906 /* FeedbackViewController.swift in Sources */ = {isa = PBXBuildFile; fileRef = E56E0E8929934661009FD906 /* FeedbackViewController.swift */; };
		E56E0E9929934661009FD906 /* AlertViewController.swift in Sources */ = {isa = PBXBuildFile; fileRef = E56E0E8C29934661009FD906 /* AlertViewController.swift */; };
		E56E0E9B29934661009FD906 /* AccountSettingViewController.swift in Sources */ = {isa = PBXBuildFile; fileRef = E56E0E8E29934661009FD906 /* AccountSettingViewController.swift */; };
		E56E0E9F29934661009FD906 /* UserPrivacyViewController.swift in Sources */ = {isa = PBXBuildFile; fileRef = E56E0E9229934661009FD906 /* UserPrivacyViewController.swift */; };
		E56E0EC22993499D009FD906 /* AlertCell.swift in Sources */ = {isa = PBXBuildFile; fileRef = E56E0EC12993499D009FD906 /* AlertCell.swift */; };
		E56E0ECA29976763009FD906 /* ProfileCell.swift in Sources */ = {isa = PBXBuildFile; fileRef = E56E0EC929976763009FD906 /* ProfileCell.swift */; };
		E56E0ECD299B1DCD009FD906 /* PersonaModel.swift in Sources */ = {isa = PBXBuildFile; fileRef = E56E0ECC299B1DCD009FD906 /* PersonaModel.swift */; };
		E56E0ED7299F0152009FD906 /* AlarmViewController.swift in Sources */ = {isa = PBXBuildFile; fileRef = E56E0ED6299F0152009FD906 /* AlarmViewController.swift */; };
		E56E0ED9299F0228009FD906 /* AlarmViewCell.swift in Sources */ = {isa = PBXBuildFile; fileRef = E56E0ED8299F0228009FD906 /* AlarmViewCell.swift */; };
		E56E0EDB299F0D9F009FD906 /* PostModel.swift in Sources */ = {isa = PBXBuildFile; fileRef = E56E0EDA299F0D9F009FD906 /* PostModel.swift */; };
		E5E05EB12967C2F5004C3891 /* PostViewController.swift in Sources */ = {isa = PBXBuildFile; fileRef = E5E05EB02967C2F5004C3891 /* PostViewController.swift */; };
		E5E05EB72967D025004C3891 /* CategoryActionSheetViewController.swift in Sources */ = {isa = PBXBuildFile; fileRef = E5E05EB62967D025004C3891 /* CategoryActionSheetViewController.swift */; };
/* End PBXBuildFile section */

/* Begin PBXFileReference section */
		14B10D6834B0D34676CE9E9A /* Pods-OnandOff.release.xcconfig */ = {isa = PBXFileReference; includeInIndex = 1; lastKnownFileType = text.xcconfig; name = "Pods-OnandOff.release.xcconfig"; path = "Target Support Files/Pods-OnandOff/Pods-OnandOff.release.xcconfig"; sourceTree = "<group>"; };
		25432FDA299E378900CC2FBC /* String+.swift */ = {isa = PBXFileReference; lastKnownFileType = sourcecode.swift; path = "String+.swift"; sourceTree = "<group>"; };
		25E32F51299B61E5003FF02B /* FindPasswordViewController.swift */ = {isa = PBXFileReference; lastKnownFileType = sourcecode.swift; path = FindPasswordViewController.swift; sourceTree = "<group>"; };
		36AE5F0746509503177A09B9 /* Pods_OnandOff.framework */ = {isa = PBXFileReference; explicitFileType = wrapper.framework; includeInIndex = 0; path = Pods_OnandOff.framework; sourceTree = BUILT_PRODUCTS_DIR; };
		444E19A11B52940DAC691D1D /* Pods-OnandOff.debug.xcconfig */ = {isa = PBXFileReference; includeInIndex = 1; lastKnownFileType = text.xcconfig; name = "Pods-OnandOff.debug.xcconfig"; path = "Target Support Files/Pods-OnandOff/Pods-OnandOff.debug.xcconfig"; sourceTree = "<group>"; };
		5DA014FE29A69DEA005F25AE /* EditProfileViewController.swift */ = {isa = PBXFileReference; lastKnownFileType = sourcecode.swift; path = EditProfileViewController.swift; sourceTree = "<group>"; };
		5DB24CA72995B76600654978 /* SettingCell.swift */ = {isa = PBXFileReference; fileEncoding = 4; lastKnownFileType = sourcecode.swift; path = SettingCell.swift; sourceTree = "<group>"; };
		5DB24CA92995BB5900654978 /* RegisterationController.swift */ = {isa = PBXFileReference; lastKnownFileType = sourcecode.swift; path = RegisterationController.swift; sourceTree = "<group>"; };
		5DB24CAB2995BB8A00654978 /* EmailLoginViewController.swift */ = {isa = PBXFileReference; lastKnownFileType = sourcecode.swift; path = EmailLoginViewController.swift; sourceTree = "<group>"; };
		5DB24CAD2995CC4B00654978 /* AuthModel.swift */ = {isa = PBXFileReference; lastKnownFileType = sourcecode.swift; path = AuthModel.swift; sourceTree = "<group>"; };
		5DB24CAF2995CC6E00654978 /* AuthService.swift */ = {isa = PBXFileReference; lastKnownFileType = sourcecode.swift; path = AuthService.swift; sourceTree = "<group>"; };
		5DB24CB12995CC7D00654978 /* TokenService.swift */ = {isa = PBXFileReference; lastKnownFileType = sourcecode.swift; path = TokenService.swift; sourceTree = "<group>"; };
		5DCAA34E299F9A63005090E5 /* EmailAuthViewController.swift */ = {isa = PBXFileReference; lastKnownFileType = sourcecode.swift; path = EmailAuthViewController.swift; sourceTree = "<group>"; };
		5DCAA350299FBB7F005090E5 /* CheckView.swift */ = {isa = PBXFileReference; lastKnownFileType = sourcecode.swift; path = CheckView.swift; sourceTree = "<group>"; };
		5DCAA352299FC619005090E5 /* AgreeViewController.swift */ = {isa = PBXFileReference; lastKnownFileType = sourcecode.swift; path = AgreeViewController.swift; sourceTree = "<group>"; };
		5DCB6BDC29A9A32100EE5580 /* UIButton+.swift */ = {isa = PBXFileReference; lastKnownFileType = sourcecode.swift; path = "UIButton+.swift"; sourceTree = "<group>"; };
		DB000EFF297011A50097D6C8 /* MyPageCell.swift */ = {isa = PBXFileReference; fileEncoding = 4; lastKnownFileType = sourcecode.swift; path = MyPageCell.swift; sourceTree = "<group>"; };
		DB000F01297011D70097D6C8 /* LoginViewController.swift */ = {isa = PBXFileReference; fileEncoding = 4; lastKnownFileType = sourcecode.swift; path = LoginViewController.swift; sourceTree = "<group>"; };
		DB000F05297012010097D6C8 /* ProfileMakeViewController.swift */ = {isa = PBXFileReference; fileEncoding = 4; lastKnownFileType = sourcecode.swift; path = ProfileMakeViewController.swift; sourceTree = "<group>"; };
		DB2503E929A9EDFE00B0AE39 /* FeedListModel.swift */ = {isa = PBXFileReference; lastKnownFileType = sourcecode.swift; path = FeedListModel.swift; sourceTree = "<group>"; };
		DB2503EB29AA21F300B0AE39 /* ImgPageControlView.swift */ = {isa = PBXFileReference; lastKnownFileType = sourcecode.swift; path = ImgPageControlView.swift; sourceTree = "<group>"; };
		DB2503ED29AA619F00B0AE39 /* UIImage+.swift */ = {isa = PBXFileReference; lastKnownFileType = sourcecode.swift; path = "UIImage+.swift"; sourceTree = "<group>"; };
		DB2503EF29AA6BF600B0AE39 /* TopTapBarDelegate.swift */ = {isa = PBXFileReference; lastKnownFileType = sourcecode.swift; path = TopTapBarDelegate.swift; sourceTree = "<group>"; };
		DB284A7929B8D9C800630FCE /* ProfileService.swift */ = {isa = PBXFileReference; lastKnownFileType = sourcecode.swift; path = ProfileService.swift; sourceTree = "<group>"; };
		DB284A7B29B8E70C00630FCE /* ImageUploadDelegate.swift */ = {isa = PBXFileReference; lastKnownFileType = sourcecode.swift; path = ImageUploadDelegate.swift; sourceTree = "<group>"; };
		DB3545EE29BEBF2900A6087E /* OtherProfileViewController.swift */ = {isa = PBXFileReference; lastKnownFileType = sourcecode.swift; path = OtherProfileViewController.swift; sourceTree = "<group>"; };
		DB3545F029BED6AF00A6087E /* CalendarHeaderView.swift */ = {isa = PBXFileReference; lastKnownFileType = sourcecode.swift; path = CalendarHeaderView.swift; sourceTree = "<group>"; };
		DB3545F229BF4D7300A6087E /* DefaultModel.swift */ = {isa = PBXFileReference; lastKnownFileType = sourcecode.swift; path = DefaultModel.swift; sourceTree = "<group>"; };
		DB3545F429C095EA00A6087E /* UnderLineTextFiled.swift */ = {isa = PBXFileReference; lastKnownFileType = sourcecode.swift; path = UnderLineTextFiled.swift; sourceTree = "<group>"; };
		DB3545F629C0A42600A6087E /* UnderLineTextFieldDelegate.swift */ = {isa = PBXFileReference; lastKnownFileType = sourcecode.swift; path = UnderLineTextFieldDelegate.swift; sourceTree = "<group>"; };
		DB3632B729C78391006157F9 /* StandardActionSheetViewcontroller.swift */ = {isa = PBXFileReference; lastKnownFileType = sourcecode.swift; path = StandardActionSheetViewcontroller.swift; sourceTree = "<group>"; };
		DB3632BA29C78D37006157F9 /* StandardActionSheetAction.swift */ = {isa = PBXFileReference; lastKnownFileType = sourcecode.swift; path = StandardActionSheetAction.swift; sourceTree = "<group>"; };
		DB36866329C1BF0500FE0C04 /* EmailModel.swift */ = {isa = PBXFileReference; lastKnownFileType = sourcecode.swift; path = EmailModel.swift; sourceTree = "<group>"; };
		DB3732CB29C3238A004A2DD2 /* ReportViewDelegate.swift */ = {isa = PBXFileReference; lastKnownFileType = sourcecode.swift; path = ReportViewDelegate.swift; sourceTree = "<group>"; };
		DB3732CD29C32DED004A2DD2 /* OtherFeedCellWithDay.swift */ = {isa = PBXFileReference; lastKnownFileType = sourcecode.swift; path = OtherFeedCellWithDay.swift; sourceTree = "<group>"; };
		DB3732CF29C33420004A2DD2 /* FeedModel.swift */ = {isa = PBXFileReference; lastKnownFileType = sourcecode.swift; path = FeedModel.swift; sourceTree = "<group>"; };
		DB39C05F29C5CBBB008B566C /* ImageCacheManager.swift */ = {isa = PBXFileReference; lastKnownFileType = sourcecode.swift; path = ImageCacheManager.swift; sourceTree = "<group>"; };
		DB3B464629AB3CF8005F90C3 /* CategoryModel.swift */ = {isa = PBXFileReference; lastKnownFileType = sourcecode.swift; path = CategoryModel.swift; sourceTree = "<group>"; };
		DB3B601729BDB4D40087B04B /* FeedCellWithHome.swift */ = {isa = PBXFileReference; lastKnownFileType = sourcecode.swift; path = FeedCellWithHome.swift; sourceTree = "<group>"; };
		DB3B601929BDD8800087B04B /* ActionSheetViewController.swift */ = {isa = PBXFileReference; lastKnownFileType = sourcecode.swift; path = ActionSheetViewController.swift; sourceTree = "<group>"; };
		DB3B601B29BDDF940087B04B /* FeedDelegate.swift */ = {isa = PBXFileReference; lastKnownFileType = sourcecode.swift; path = FeedDelegate.swift; sourceTree = "<group>"; };
		DB3DE7C529B60BC000A95218 /* MyPageModel.swift */ = {isa = PBXFileReference; lastKnownFileType = sourcecode.swift; path = MyPageModel.swift; sourceTree = "<group>"; };
		DB3DE7C729B60C8700A95218 /* MyPageService.swift */ = {isa = PBXFileReference; lastKnownFileType = sourcecode.swift; path = MyPageService.swift; sourceTree = "<group>"; };
		DB3DE7C929B62A4D00A95218 /* ProfileModel.swift */ = {isa = PBXFileReference; lastKnownFileType = sourcecode.swift; path = ProfileModel.swift; sourceTree = "<group>"; };
		DB3EB8B8299E054800434666 /* ReportActionSheet.swift */ = {isa = PBXFileReference; lastKnownFileType = sourcecode.swift; path = ReportActionSheet.swift; sourceTree = "<group>"; };
		DB3EB8BB299E086D00434666 /* LookAroundDelegate.swift */ = {isa = PBXFileReference; lastKnownFileType = sourcecode.swift; path = LookAroundDelegate.swift; sourceTree = "<group>"; };
		DB3EB8BD299E384400434666 /* ReportViewController.swift */ = {isa = PBXFileReference; lastKnownFileType = sourcecode.swift; path = ReportViewController.swift; sourceTree = "<group>"; };
		DB3EB8BF299E3B1600434666 /* ReportType.swift */ = {isa = PBXFileReference; lastKnownFileType = sourcecode.swift; path = ReportType.swift; sourceTree = "<group>"; };
		DB3EB8C1299E414200434666 /* ReportCell.swift */ = {isa = PBXFileReference; lastKnownFileType = sourcecode.swift; path = ReportCell.swift; sourceTree = "<group>"; };
		DB4FACF029C4A1CC004E51C2 /* GoogleService-Info.plist */ = {isa = PBXFileReference; fileEncoding = 4; lastKnownFileType = text.plist.xml; path = "GoogleService-Info.plist"; sourceTree = "<group>"; };
		DB58082429B70C5F0095BEEF /* CalendarHeader.swift */ = {isa = PBXFileReference; lastKnownFileType = sourcecode.swift; path = CalendarHeader.swift; sourceTree = "<group>"; };
		DB58082729B722440095BEEF /* CalendarHeaderDelegate.swift */ = {isa = PBXFileReference; lastKnownFileType = sourcecode.swift; path = CalendarHeaderDelegate.swift; sourceTree = "<group>"; };
		DB58082929B729100095BEEF /* TextFieldComponent.swift */ = {isa = PBXFileReference; lastKnownFileType = sourcecode.swift; path = TextFieldComponent.swift; sourceTree = "<group>"; };
		DB5AFDDD2960052D00667336 /* OnandOff.app */ = {isa = PBXFileReference; explicitFileType = wrapper.application; includeInIndex = 0; path = OnandOff.app; sourceTree = BUILT_PRODUCTS_DIR; };
		DB5AFDE02960052D00667336 /* AppDelegate.swift */ = {isa = PBXFileReference; lastKnownFileType = sourcecode.swift; path = AppDelegate.swift; sourceTree = "<group>"; };
		DB5AFDE22960052D00667336 /* SceneDelegate.swift */ = {isa = PBXFileReference; lastKnownFileType = sourcecode.swift; path = SceneDelegate.swift; sourceTree = "<group>"; };
		DB5AFDE42960052D00667336 /* CustomActionSheet.swift */ = {isa = PBXFileReference; lastKnownFileType = sourcecode.swift; path = CustomActionSheet.swift; sourceTree = "<group>"; };
		DB5AFDE92960053100667336 /* Assets.xcassets */ = {isa = PBXFileReference; lastKnownFileType = folder.assetcatalog; path = Assets.xcassets; sourceTree = "<group>"; };
		DB5AFDEC2960053100667336 /* Base */ = {isa = PBXFileReference; lastKnownFileType = file.storyboard; name = Base; path = Base.lproj/LaunchScreen.storyboard; sourceTree = "<group>"; };
		DB5AFDEE2960053100667336 /* Info.plist */ = {isa = PBXFileReference; lastKnownFileType = text.plist.xml; path = Info.plist; sourceTree = "<group>"; };
		DB5AFDF82960068F00667336 /* UIColor+.swift */ = {isa = PBXFileReference; lastKnownFileType = sourcecode.swift; path = "UIColor+.swift"; sourceTree = "<group>"; };
		DB5AFE03296012FB00667336 /* NotoSans-Bold.ttf */ = {isa = PBXFileReference; lastKnownFileType = file; path = "NotoSans-Bold.ttf"; sourceTree = "<group>"; };
		DB5AFE042960130900667336 /* NotoSans-Regular.ttf */ = {isa = PBXFileReference; lastKnownFileType = file; path = "NotoSans-Regular.ttf"; sourceTree = "<group>"; };
		DB5AFE072960134400667336 /* UIFont+.swift */ = {isa = PBXFileReference; lastKnownFileType = sourcecode.swift; path = "UIFont+.swift"; sourceTree = "<group>"; };
		DB5AFE0D2960171100667336 /* HomeViewController.swift */ = {isa = PBXFileReference; lastKnownFileType = sourcecode.swift; path = HomeViewController.swift; sourceTree = "<group>"; };
		DB5AFE0F2960171E00667336 /* LookAroundViewController.swift */ = {isa = PBXFileReference; lastKnownFileType = sourcecode.swift; path = LookAroundViewController.swift; sourceTree = "<group>"; };
		DB5AFE112960173800667336 /* MyPageViewController.swift */ = {isa = PBXFileReference; lastKnownFileType = sourcecode.swift; path = MyPageViewController.swift; sourceTree = "<group>"; };
		DB5E6A3329C0DF850078B27F /* TermsOfUseViewController.swift */ = {isa = PBXFileReference; lastKnownFileType = sourcecode.swift; path = TermsOfUseViewController.swift; sourceTree = "<group>"; };
		DB5E6A3529C0E6D00078B27F /* PrivacyTermsViewController.swift */ = {isa = PBXFileReference; lastKnownFileType = sourcecode.swift; path = PrivacyTermsViewController.swift; sourceTree = "<group>"; };
		DB5E6A3729C0ED2E0078B27F /* UIViewController+.swift */ = {isa = PBXFileReference; lastKnownFileType = sourcecode.swift; path = "UIViewController+.swift"; sourceTree = "<group>"; };
		DB61A71629BDE57B00D3CE06 /* ActionSheetDelegate.swift */ = {isa = PBXFileReference; lastKnownFileType = sourcecode.swift; path = ActionSheetDelegate.swift; sourceTree = "<group>"; };
		DB61A71829BDEB0600D3CE06 /* DetailFeedModel.swift */ = {isa = PBXFileReference; lastKnownFileType = sourcecode.swift; path = DetailFeedModel.swift; sourceTree = "<group>"; };
		DB7987A229BB8D7500E0CACC /* CategoryDelegate.swift */ = {isa = PBXFileReference; lastKnownFileType = sourcecode.swift; path = CategoryDelegate.swift; sourceTree = "<group>"; };
		DB7987A429BC6EEE00E0CACC /* CalendarCell.swift */ = {isa = PBXFileReference; lastKnownFileType = sourcecode.swift; path = CalendarCell.swift; sourceTree = "<group>"; };
		DB7987A629BDA45700E0CACC /* FeedWithDayViewController.swift */ = {isa = PBXFileReference; lastKnownFileType = sourcecode.swift; path = FeedWithDayViewController.swift; sourceTree = "<group>"; };
		DB7BDC892961601200AA304B /* CustomTopTabbar.swift */ = {isa = PBXFileReference; lastKnownFileType = sourcecode.swift; path = CustomTopTabbar.swift; sourceTree = "<group>"; };
		DB7BDC8B2961BCF400AA304B /* FeedCell.swift */ = {isa = PBXFileReference; lastKnownFileType = sourcecode.swift; path = FeedCell.swift; sourceTree = "<group>"; };
		DB80B37C29BA0FDE009F8E2E /* StatisticsComponent.swift */ = {isa = PBXFileReference; lastKnownFileType = sourcecode.swift; path = StatisticsComponent.swift; sourceTree = "<group>"; };
		DB80B37E29BA29BB009F8E2E /* StatisticsService.swift */ = {isa = PBXFileReference; lastKnownFileType = sourcecode.swift; path = StatisticsService.swift; sourceTree = "<group>"; };
		DB80B38029BA2DBE009F8E2E /* StatisticsModel.swift */ = {isa = PBXFileReference; lastKnownFileType = sourcecode.swift; path = StatisticsModel.swift; sourceTree = "<group>"; };
		DB80B38229BA4998009F8E2E /* Date+.swift */ = {isa = PBXFileReference; lastKnownFileType = sourcecode.swift; path = "Date+.swift"; sourceTree = "<group>"; };
		DB80B38429BA4CD6009F8E2E /* CalendarInfoModel.swift */ = {isa = PBXFileReference; lastKnownFileType = sourcecode.swift; path = CalendarInfoModel.swift; sourceTree = "<group>"; };
		DB80B38629BB7824009F8E2E /* CategoryCell.swift */ = {isa = PBXFileReference; lastKnownFileType = sourcecode.swift; path = CategoryCell.swift; sourceTree = "<group>"; };
		DBAB63E829C203CA00A056C7 /* CreateProfileModel.swift */ = {isa = PBXFileReference; lastKnownFileType = sourcecode.swift; path = CreateProfileModel.swift; sourceTree = "<group>"; };
		DBAB63EA29C206C900A056C7 /* OtherFeedCell.swift */ = {isa = PBXFileReference; lastKnownFileType = sourcecode.swift; path = OtherFeedCell.swift; sourceTree = "<group>"; };
		DBAB63EC29C21B6400A056C7 /* OtherFeedWithDayViewController.swift */ = {isa = PBXFileReference; lastKnownFileType = sourcecode.swift; path = OtherFeedWithDayViewController.swift; sourceTree = "<group>"; };
		DBAB63EE29C2C3B800A056C7 /* AlarmService.swift */ = {isa = PBXFileReference; lastKnownFileType = sourcecode.swift; path = AlarmService.swift; sourceTree = "<group>"; };
		DBAB63F029C2D01400A056C7 /* AlarmStatusModel.swift */ = {isa = PBXFileReference; lastKnownFileType = sourcecode.swift; path = AlarmStatusModel.swift; sourceTree = "<group>"; };
		DBC3618A29A097490011C319 /* StandardAlertController.swift */ = {isa = PBXFileReference; lastKnownFileType = sourcecode.swift; path = StandardAlertController.swift; sourceTree = "<group>"; };
		DBC3618C29A0A5340011C319 /* PaddingLabel.swift */ = {isa = PBXFileReference; lastKnownFileType = sourcecode.swift; path = PaddingLabel.swift; sourceTree = "<group>"; };
		DBC3618E29A0A8550011C319 /* StandardAlertAction.swift */ = {isa = PBXFileReference; lastKnownFileType = sourcecode.swift; path = StandardAlertAction.swift; sourceTree = "<group>"; };
		DBC3619029A0B05C0011C319 /* NotificationName+.swift */ = {isa = PBXFileReference; lastKnownFileType = sourcecode.swift; path = "NotificationName+.swift"; sourceTree = "<group>"; };
		DBC3619529A0C3000011C319 /* mainButton.swift */ = {isa = PBXFileReference; lastKnownFileType = sourcecode.swift; path = mainButton.swift; sourceTree = "<group>"; };
		DBC3619729A0F8CD0011C319 /* FeedService.swift */ = {isa = PBXFileReference; lastKnownFileType = sourcecode.swift; path = FeedService.swift; sourceTree = "<group>"; };
		DBD8DD5E296315150081CD21 /* ProfileView.swift */ = {isa = PBXFileReference; lastKnownFileType = sourcecode.swift; path = ProfileView.swift; sourceTree = "<group>"; };
		DBED0ED829B4C71900415219 /* ReportModel.swift */ = {isa = PBXFileReference; lastKnownFileType = sourcecode.swift; path = ReportModel.swift; sourceTree = "<group>"; };
		E56E0E8729934661009FD906 /* SettingViewController.swift */ = {isa = PBXFileReference; fileEncoding = 4; lastKnownFileType = sourcecode.swift; path = SettingViewController.swift; sourceTree = "<group>"; };
		E56E0E8829934661009FD906 /* PolicyViewController.swift */ = {isa = PBXFileReference; fileEncoding = 4; lastKnownFileType = sourcecode.swift; path = PolicyViewController.swift; sourceTree = "<group>"; };
		E56E0E8929934661009FD906 /* FeedbackViewController.swift */ = {isa = PBXFileReference; fileEncoding = 4; lastKnownFileType = sourcecode.swift; path = FeedbackViewController.swift; sourceTree = "<group>"; };
		E56E0E8C29934661009FD906 /* AlertViewController.swift */ = {isa = PBXFileReference; fileEncoding = 4; lastKnownFileType = sourcecode.swift; path = AlertViewController.swift; sourceTree = "<group>"; };
		E56E0E8E29934661009FD906 /* AccountSettingViewController.swift */ = {isa = PBXFileReference; fileEncoding = 4; lastKnownFileType = sourcecode.swift; path = AccountSettingViewController.swift; sourceTree = "<group>"; };
		E56E0E9029934661009FD906 /* PrivacyViewController.swift */ = {isa = PBXFileReference; fileEncoding = 4; lastKnownFileType = sourcecode.swift; path = PrivacyViewController.swift; sourceTree = "<group>"; };
		E56E0E9229934661009FD906 /* UserPrivacyViewController.swift */ = {isa = PBXFileReference; fileEncoding = 4; lastKnownFileType = sourcecode.swift; path = UserPrivacyViewController.swift; sourceTree = "<group>"; };
		E56E0EC12993499D009FD906 /* AlertCell.swift */ = {isa = PBXFileReference; fileEncoding = 4; lastKnownFileType = sourcecode.swift; name = AlertCell.swift; path = OnandOff/View/HomeSetting/AlertCell.swift; sourceTree = SOURCE_ROOT; };
		E56E0EC929976763009FD906 /* ProfileCell.swift */ = {isa = PBXFileReference; lastKnownFileType = sourcecode.swift; path = ProfileCell.swift; sourceTree = "<group>"; };
		E56E0ECC299B1DCD009FD906 /* PersonaModel.swift */ = {isa = PBXFileReference; lastKnownFileType = sourcecode.swift; path = PersonaModel.swift; sourceTree = "<group>"; };
		E56E0ED6299F0152009FD906 /* AlarmViewController.swift */ = {isa = PBXFileReference; lastKnownFileType = sourcecode.swift; path = AlarmViewController.swift; sourceTree = "<group>"; };
		E56E0ED8299F0228009FD906 /* AlarmViewCell.swift */ = {isa = PBXFileReference; lastKnownFileType = sourcecode.swift; path = AlarmViewCell.swift; sourceTree = "<group>"; };
		E56E0EDA299F0D9F009FD906 /* PostModel.swift */ = {isa = PBXFileReference; lastKnownFileType = sourcecode.swift; path = PostModel.swift; sourceTree = "<group>"; };
		E5E05EB02967C2F5004C3891 /* PostViewController.swift */ = {isa = PBXFileReference; lastKnownFileType = sourcecode.swift; path = PostViewController.swift; sourceTree = "<group>"; };
		E5E05EB62967D025004C3891 /* CategoryActionSheetViewController.swift */ = {isa = PBXFileReference; lastKnownFileType = sourcecode.swift; path = CategoryActionSheetViewController.swift; sourceTree = "<group>"; };
/* End PBXFileReference section */

/* Begin PBXFrameworksBuildPhase section */
		DB5AFDDA2960052D00667336 /* Frameworks */ = {
			isa = PBXFrameworksBuildPhase;
			buildActionMask = 2147483647;
			files = (
				09DC8FD3F8AB39CCB7FE1B62 /* Pods_OnandOff.framework in Frameworks */,
			);
			runOnlyForDeploymentPostprocessing = 0;
		};
/* End PBXFrameworksBuildPhase section */

/* Begin PBXGroup section */
		0113CF20B838685E88AD1D05 /* Pods */ = {
			isa = PBXGroup;
			children = (
				444E19A11B52940DAC691D1D /* Pods-OnandOff.debug.xcconfig */,
				14B10D6834B0D34676CE9E9A /* Pods-OnandOff.release.xcconfig */,
			);
			path = Pods;
			sourceTree = "<group>";
		};
		1BF422B16DA27E28191A8832 /* Frameworks */ = {
			isa = PBXGroup;
			children = (
				36AE5F0746509503177A09B9 /* Pods_OnandOff.framework */,
			);
			name = Frameworks;
			sourceTree = "<group>";
		};
		5DB24CB32995CCA800654978 /* Authentication */ = {
			isa = PBXGroup;
			children = (
				5DCAA350299FBB7F005090E5 /* CheckView.swift */,
				DB3545F429C095EA00A6087E /* UnderLineTextFiled.swift */,
			);
			path = Authentication;
			sourceTree = "<group>";
		};
		DB2503E829A9EDD200B0AE39 /* LookAround */ = {
			isa = PBXGroup;
			children = (
				DB2503E929A9EDFE00B0AE39 /* FeedListModel.swift */,
				DB3B464629AB3CF8005F90C3 /* CategoryModel.swift */,
				DBED0ED829B4C71900415219 /* ReportModel.swift */,
				DB3545F229BF4D7300A6087E /* DefaultModel.swift */,
				DB3732CF29C33420004A2DD2 /* FeedModel.swift */,
			);
			path = LookAround;
			sourceTree = "<group>";
		};
		DB3632B929C783AD006157F9 /* StandardActionSheet */ = {
			isa = PBXGroup;
			children = (
				DB3632B729C78391006157F9 /* StandardActionSheetViewcontroller.swift */,
				DB3632BA29C78D37006157F9 /* StandardActionSheetAction.swift */,
			);
			path = StandardActionSheet;
			sourceTree = "<group>";
		};
		DB36866229C1BEF300FE0C04 /* Setting */ = {
			isa = PBXGroup;
			children = (
				DB36866329C1BF0500FE0C04 /* EmailModel.swift */,
				DBAB63F029C2D01400A056C7 /* AlarmStatusModel.swift */,
			);
			path = Setting;
			sourceTree = "<group>";
		};
		DB3DE7C429B60BA300A95218 /* MyPage */ = {
			isa = PBXGroup;
			children = (
				DB3DE7C529B60BC000A95218 /* MyPageModel.swift */,
				DB3DE7C929B62A4D00A95218 /* ProfileModel.swift */,
				DBAB63E829C203CA00A056C7 /* CreateProfileModel.swift */,
			);
			path = MyPage;
			sourceTree = "<group>";
		};
		DB3EB8BA299E085000434666 /* Protocols */ = {
			isa = PBXGroup;
			children = (
				DB3EB8BB299E086D00434666 /* LookAroundDelegate.swift */,
				DB2503EF29AA6BF600B0AE39 /* TopTapBarDelegate.swift */,
				DB58082729B722440095BEEF /* CalendarHeaderDelegate.swift */,
				DB284A7B29B8E70C00630FCE /* ImageUploadDelegate.swift */,
				DB7987A229BB8D7500E0CACC /* CategoryDelegate.swift */,
				DB3B601B29BDDF940087B04B /* FeedDelegate.swift */,
				DB61A71629BDE57B00D3CE06 /* ActionSheetDelegate.swift */,
				DB3545F629C0A42600A6087E /* UnderLineTextFieldDelegate.swift */,
				DB3732CB29C3238A004A2DD2 /* ReportViewDelegate.swift */,
			);
			path = Protocols;
			sourceTree = "<group>";
		};
		DB5AFDD42960052D00667336 = {
			isa = PBXGroup;
			children = (
				DB5AFDDF2960052D00667336 /* OnandOff */,
				DB5AFDDE2960052D00667336 /* Products */,
				0113CF20B838685E88AD1D05 /* Pods */,
				1BF422B16DA27E28191A8832 /* Frameworks */,
				DBAB63E729C1D7CA00A056C7 /* Recovered References */,
			);
			sourceTree = "<group>";
		};
		DB5AFDDE2960052D00667336 /* Products */ = {
			isa = PBXGroup;
			children = (
				DB5AFDDD2960052D00667336 /* OnandOff.app */,
			);
			name = Products;
			sourceTree = "<group>";
		};
		DB5AFDDF2960052D00667336 /* OnandOff */ = {
			isa = PBXGroup;
			children = (
				DB5AFDFF296008DC00667336 /* Resource */,
				DB5AFDFE296008CF00667336 /* Services */,
				DB5AFDF72960067300667336 /* Utils */,
				DB5AFDF62960066D00667336 /* Model */,
				DB5AFDF42960065200667336 /* View */,
				DB5AFDF52960065C00667336 /* ViewController */,
				DB5AFDE02960052D00667336 /* AppDelegate.swift */,
				DB5AFDE22960052D00667336 /* SceneDelegate.swift */,
				DB5AFDEB2960053100667336 /* LaunchScreen.storyboard */,
				DB5AFDEE2960053100667336 /* Info.plist */,
				DB4FACF029C4A1CC004E51C2 /* GoogleService-Info.plist */,
			);
			path = OnandOff;
			sourceTree = "<group>";
		};
		DB5AFDF42960065200667336 /* View */ = {
			isa = PBXGroup;
			children = (
				DBC3618929A096DA0011C319 /* Common */,
				5DB24CB32995CCA800654978 /* Authentication */,
				E56E0EC629976713009FD906 /* HomeView */,
				E56E0EA129934672009FD906 /* HomeSetting */,
				DB7BDC8829615EDA00AA304B /* LookAround */,
				DBD8DD5D296315020081CD21 /* MyPage */,
			);
			path = View;
			sourceTree = "<group>";
		};
		DB5AFDF52960065C00667336 /* ViewController */ = {
			isa = PBXGroup;
			children = (
				DB5E6A3229C0DF530078B27F /* Other */,
				DB5AFE092960144000667336 /* Authentication */,
				DB5AFE0B296014A600667336 /* Home */,
				E56E0E8629934661009FD906 /* HomeSettings */,
				DB5AFE0C296014B000667336 /* LookAround */,
				DB5AFE0A2960149300667336 /* MyPage */,
			);
			path = ViewController;
			sourceTree = "<group>";
		};
		DB5AFDF62960066D00667336 /* Model */ = {
			isa = PBXGroup;
			children = (
				DB36866229C1BEF300FE0C04 /* Setting */,
				DB3DE7C429B60BA300A95218 /* MyPage */,
				DB2503E829A9EDD200B0AE39 /* LookAround */,
				E56E0ECB299B1DB2009FD906 /* Home */,
				5DB24CAD2995CC4B00654978 /* AuthModel.swift */,
				DB3EB8BF299E3B1600434666 /* ReportType.swift */,
				DB80B38029BA2DBE009F8E2E /* StatisticsModel.swift */,
				DB61A71829BDEB0600D3CE06 /* DetailFeedModel.swift */,
			);
			path = Model;
			sourceTree = "<group>";
		};
		DB5AFDF72960067300667336 /* Utils */ = {
			isa = PBXGroup;
			children = (
				DB3EB8BA299E085000434666 /* Protocols */,
				DB5AFE0229600E3600667336 /* Extensions */,
				DB39C05F29C5CBBB008B566C /* ImageCacheManager.swift */,
			);
			path = Utils;
			sourceTree = "<group>";
		};
		DB5AFDFE296008CF00667336 /* Services */ = {
			isa = PBXGroup;
			children = (
				5DB24CAF2995CC6E00654978 /* AuthService.swift */,
				5DB24CB12995CC7D00654978 /* TokenService.swift */,
				DBC3619729A0F8CD0011C319 /* FeedService.swift */,
				DB3DE7C729B60C8700A95218 /* MyPageService.swift */,
				DB284A7929B8D9C800630FCE /* ProfileService.swift */,
				DB80B37E29BA29BB009F8E2E /* StatisticsService.swift */,
				DBAB63EE29C2C3B800A056C7 /* AlarmService.swift */,
			);
			path = Services;
			sourceTree = "<group>";
		};
		DB5AFDFF296008DC00667336 /* Resource */ = {
			isa = PBXGroup;
			children = (
				DB5AFE03296012FB00667336 /* NotoSans-Bold.ttf */,
				DB5AFE042960130900667336 /* NotoSans-Regular.ttf */,
				DB5AFDE92960053100667336 /* Assets.xcassets */,
			);
			path = Resource;
			sourceTree = "<group>";
		};
		DB5AFE0229600E3600667336 /* Extensions */ = {
			isa = PBXGroup;
			children = (
				DB5AFDF82960068F00667336 /* UIColor+.swift */,
				DB5AFE072960134400667336 /* UIFont+.swift */,
				5DCB6BDC29A9A32100EE5580 /* UIButton+.swift */,
				25432FDA299E378900CC2FBC /* String+.swift */,
				DBC3619029A0B05C0011C319 /* NotificationName+.swift */,
				DB2503ED29AA619F00B0AE39 /* UIImage+.swift */,
				DB80B38229BA4998009F8E2E /* Date+.swift */,
				DB5E6A3729C0ED2E0078B27F /* UIViewController+.swift */,
			);
			path = Extensions;
			sourceTree = "<group>";
		};
		DB5AFE092960144000667336 /* Authentication */ = {
			isa = PBXGroup;
			children = (
				DB000F01297011D70097D6C8 /* LoginViewController.swift */,
				5DB24CAB2995BB8A00654978 /* EmailLoginViewController.swift */,
				5DB24CA92995BB5900654978 /* RegisterationController.swift */,
				25E32F51299B61E5003FF02B /* FindPasswordViewController.swift */,
				5DCAA34E299F9A63005090E5 /* EmailAuthViewController.swift */,
				5DCAA352299FC619005090E5 /* AgreeViewController.swift */,
			);
			path = Authentication;
			sourceTree = "<group>";
		};
		DB5AFE0A2960149300667336 /* MyPage */ = {
			isa = PBXGroup;
			children = (
				DB5AFE112960173800667336 /* MyPageViewController.swift */,
				5DA014FE29A69DEA005F25AE /* EditProfileViewController.swift */,
			);
			path = MyPage;
			sourceTree = "<group>";
		};
		DB5AFE0B296014A600667336 /* Home */ = {
			isa = PBXGroup;
			children = (
				DB5AFE0D2960171100667336 /* HomeViewController.swift */,
				E5E05EB02967C2F5004C3891 /* PostViewController.swift */,
				DB000F05297012010097D6C8 /* ProfileMakeViewController.swift */,
				E5E05EB62967D025004C3891 /* CategoryActionSheetViewController.swift */,
				E56E0ED6299F0152009FD906 /* AlarmViewController.swift */,
				DB7987A629BDA45700E0CACC /* FeedWithDayViewController.swift */,
				DBAB63EC29C21B6400A056C7 /* OtherFeedWithDayViewController.swift */,
				DB3B601929BDD8800087B04B /* ActionSheetViewController.swift */,
			);
			path = Home;
			sourceTree = "<group>";
		};
		DB5AFE0C296014B000667336 /* LookAround */ = {
			isa = PBXGroup;
			children = (
				DB5AFE0F2960171E00667336 /* LookAroundViewController.swift */,
				DB3EB8BD299E384400434666 /* ReportViewController.swift */,
				DB3545EE29BEBF2900A6087E /* OtherProfileViewController.swift */,
			);
			path = LookAround;
			sourceTree = "<group>";
		};
		DB5E6A3229C0DF530078B27F /* Other */ = {
			isa = PBXGroup;
			children = (
				DB5E6A3329C0DF850078B27F /* TermsOfUseViewController.swift */,
				DB5E6A3529C0E6D00078B27F /* PrivacyTermsViewController.swift */,
			);
			path = Other;
			sourceTree = "<group>";
		};
		DB7BDC8829615EDA00AA304B /* LookAround */ = {
			isa = PBXGroup;
			children = (
				DB5AFDE42960052D00667336 /* CustomActionSheet.swift */,
				DB7BDC892961601200AA304B /* CustomTopTabbar.swift */,
				DB3EB8B8299E054800434666 /* ReportActionSheet.swift */,
				DB7BDC8B2961BCF400AA304B /* FeedCell.swift */,
				DB3EB8C1299E414200434666 /* ReportCell.swift */,
				DB3545F029BED6AF00A6087E /* CalendarHeaderView.swift */,
				DBAB63EA29C206C900A056C7 /* OtherFeedCell.swift */,
				DB3732CD29C32DED004A2DD2 /* OtherFeedCellWithDay.swift */,
			);
			path = LookAround;
			sourceTree = "<group>";
		};
		DBAB63E729C1D7CA00A056C7 /* Recovered References */ = {
			isa = PBXGroup;
			children = (
				E56E0E9029934661009FD906 /* PrivacyViewController.swift */,
			);
			name = "Recovered References";
			sourceTree = "<group>";
		};
		DBC3618929A096DA0011C319 /* Common */ = {
			isa = PBXGroup;
			children = (
				DB3632B929C783AD006157F9 /* StandardActionSheet */,
				DBC3619429A0BE590011C319 /* StandardAlert */,
				DBC3618C29A0A5340011C319 /* PaddingLabel.swift */,
				DBC3619529A0C3000011C319 /* mainButton.swift */,
				DB2503EB29AA21F300B0AE39 /* ImgPageControlView.swift */,
				DB58082929B729100095BEEF /* TextFieldComponent.swift */,
			);
			path = Common;
			sourceTree = "<group>";
		};
		DBC3619429A0BE590011C319 /* StandardAlert */ = {
			isa = PBXGroup;
			children = (
				DBC3618A29A097490011C319 /* StandardAlertController.swift */,
				DBC3618E29A0A8550011C319 /* StandardAlertAction.swift */,
			);
			path = StandardAlert;
			sourceTree = "<group>";
		};
		DBD8DD5D296315020081CD21 /* MyPage */ = {
			isa = PBXGroup;
			children = (
				DB000EFF297011A50097D6C8 /* MyPageCell.swift */,
				DBD8DD5E296315150081CD21 /* ProfileView.swift */,
				DB58082429B70C5F0095BEEF /* CalendarHeader.swift */,
			);
			path = MyPage;
			sourceTree = "<group>";
		};
		E56E0E8629934661009FD906 /* HomeSettings */ = {
			isa = PBXGroup;
			children = (
				E56E0E8729934661009FD906 /* SettingViewController.swift */,
				E56E0E8E29934661009FD906 /* AccountSettingViewController.swift */,
				E56E0E9229934661009FD906 /* UserPrivacyViewController.swift */,
				E56E0E8C29934661009FD906 /* AlertViewController.swift */,
				E56E0E8929934661009FD906 /* FeedbackViewController.swift */,
				E56E0E8829934661009FD906 /* PolicyViewController.swift */,
			);
			path = HomeSettings;
			sourceTree = "<group>";
		};
		E56E0EA129934672009FD906 /* HomeSetting */ = {
			isa = PBXGroup;
			children = (
				E56E0EC12993499D009FD906 /* AlertCell.swift */,
				5DB24CA72995B76600654978 /* SettingCell.swift */,
			);
			path = HomeSetting;
			sourceTree = "<group>";
		};
		E56E0EC629976713009FD906 /* HomeView */ = {
			isa = PBXGroup;
			children = (
				E56E0EC929976763009FD906 /* ProfileCell.swift */,
				E56E0ED8299F0228009FD906 /* AlarmViewCell.swift */,
				DB80B38629BB7824009F8E2E /* CategoryCell.swift */,
				DB7987A429BC6EEE00E0CACC /* CalendarCell.swift */,
				DB3B601729BDB4D40087B04B /* FeedCellWithHome.swift */,
				DB80B37C29BA0FDE009F8E2E /* StatisticsComponent.swift */,
			);
			path = HomeView;
			sourceTree = "<group>";
		};
		E56E0ECB299B1DB2009FD906 /* Home */ = {
			isa = PBXGroup;
			children = (
				E56E0ECC299B1DCD009FD906 /* PersonaModel.swift */,
				E56E0EDA299F0D9F009FD906 /* PostModel.swift */,
				DB80B38429BA4CD6009F8E2E /* CalendarInfoModel.swift */,
			);
			path = Home;
			sourceTree = "<group>";
		};
/* End PBXGroup section */

/* Begin PBXNativeTarget section */
		DB5AFDDC2960052D00667336 /* OnandOff */ = {
			isa = PBXNativeTarget;
			buildConfigurationList = DB5AFDF12960053100667336 /* Build configuration list for PBXNativeTarget "OnandOff" */;
			buildPhases = (
				A10698AEDD5F70B97AE41D7C /* [CP] Check Pods Manifest.lock */,
				DB5AFDD92960052D00667336 /* Sources */,
				DB5AFDDA2960052D00667336 /* Frameworks */,
				DB5AFDDB2960052D00667336 /* Resources */,
				967CA401AD8A9E7E2444255A /* [CP] Embed Pods Frameworks */,
			);
			buildRules = (
			);
			dependencies = (
			);
			name = OnandOff;
			packageProductDependencies = (
			);
			productName = OnandOff;
			productReference = DB5AFDDD2960052D00667336 /* OnandOff.app */;
			productType = "com.apple.product-type.application";
		};
/* End PBXNativeTarget section */

/* Begin PBXProject section */
		DB5AFDD52960052D00667336 /* Project object */ = {
			isa = PBXProject;
			attributes = {
				BuildIndependentTargetsInParallel = 1;
				LastSwiftUpdateCheck = 1410;
				LastUpgradeCheck = 1410;
				TargetAttributes = {
					DB5AFDDC2960052D00667336 = {
						CreatedOnToolsVersion = 14.1;
					};
				};
			};
			buildConfigurationList = DB5AFDD82960052D00667336 /* Build configuration list for PBXProject "OnandOff" */;
			compatibilityVersion = "Xcode 13.0";
			developmentRegion = en;
			hasScannedForEncodings = 0;
			knownRegions = (
				en,
				Base,
			);
			mainGroup = DB5AFDD42960052D00667336;
			packageReferences = (
			);
			productRefGroup = DB5AFDDE2960052D00667336 /* Products */;
			projectDirPath = "";
			projectRoot = "";
			targets = (
				DB5AFDDC2960052D00667336 /* OnandOff */,
			);
		};
/* End PBXProject section */

/* Begin PBXResourcesBuildPhase section */
		DB5AFDDB2960052D00667336 /* Resources */ = {
			isa = PBXResourcesBuildPhase;
			buildActionMask = 2147483647;
			files = (
				DB5AFE062960130C00667336 /* NotoSans-Bold.ttf in Resources */,
				DB5AFE052960130900667336 /* NotoSans-Regular.ttf in Resources */,
				DB4FACF129C4A1CC004E51C2 /* GoogleService-Info.plist in Resources */,
				DB5AFDED2960053100667336 /* LaunchScreen.storyboard in Resources */,
				DB5AFDEA2960053100667336 /* Assets.xcassets in Resources */,
			);
			runOnlyForDeploymentPostprocessing = 0;
		};
/* End PBXResourcesBuildPhase section */

/* Begin PBXShellScriptBuildPhase section */
		967CA401AD8A9E7E2444255A /* [CP] Embed Pods Frameworks */ = {
			isa = PBXShellScriptBuildPhase;
			buildActionMask = 2147483647;
			files = (
			);
			inputFileListPaths = (
				"${PODS_ROOT}/Target Support Files/Pods-OnandOff/Pods-OnandOff-frameworks-${CONFIGURATION}-input-files.xcfilelist",
			);
			name = "[CP] Embed Pods Frameworks";
			outputFileListPaths = (
				"${PODS_ROOT}/Target Support Files/Pods-OnandOff/Pods-OnandOff-frameworks-${CONFIGURATION}-output-files.xcfilelist",
			);
			runOnlyForDeploymentPostprocessing = 0;
			shellPath = /bin/sh;
			shellScript = "\"${PODS_ROOT}/Target Support Files/Pods-OnandOff/Pods-OnandOff-frameworks.sh\"\n";
			showEnvVarsInLog = 0;
		};
		A10698AEDD5F70B97AE41D7C /* [CP] Check Pods Manifest.lock */ = {
			isa = PBXShellScriptBuildPhase;
			buildActionMask = 2147483647;
			files = (
			);
			inputFileListPaths = (
			);
			inputPaths = (
				"${PODS_PODFILE_DIR_PATH}/Podfile.lock",
				"${PODS_ROOT}/Manifest.lock",
			);
			name = "[CP] Check Pods Manifest.lock";
			outputFileListPaths = (
			);
			outputPaths = (
				"$(DERIVED_FILE_DIR)/Pods-OnandOff-checkManifestLockResult.txt",
			);
			runOnlyForDeploymentPostprocessing = 0;
			shellPath = /bin/sh;
			shellScript = "diff \"${PODS_PODFILE_DIR_PATH}/Podfile.lock\" \"${PODS_ROOT}/Manifest.lock\" > /dev/null\nif [ $? != 0 ] ; then\n    # print error to STDERR\n    echo \"error: The sandbox is not in sync with the Podfile.lock. Run 'pod install' or update your CocoaPods installation.\" >&2\n    exit 1\nfi\n# This output is used by Xcode 'outputs' to avoid re-running this script phase.\necho \"SUCCESS\" > \"${SCRIPT_OUTPUT_FILE_0}\"\n";
			showEnvVarsInLog = 0;
		};
/* End PBXShellScriptBuildPhase section */

/* Begin PBXSourcesBuildPhase section */
		DB5AFDD92960052D00667336 /* Sources */ = {
			isa = PBXSourcesBuildPhase;
			buildActionMask = 2147483647;
			files = (
				E56E0EC22993499D009FD906 /* AlertCell.swift in Sources */,
				DBAB63E929C203CA00A056C7 /* CreateProfileModel.swift in Sources */,
				5DB24CAC2995BB8A00654978 /* EmailLoginViewController.swift in Sources */,
				DB80B37D29BA0FDE009F8E2E /* StatisticsComponent.swift in Sources */,
				DB000F06297012010097D6C8 /* ProfileMakeViewController.swift in Sources */,
				DB5AFE082960134400667336 /* UIFont+.swift in Sources */,
				DB2503F029AA6BF600B0AE39 /* TopTapBarDelegate.swift in Sources */,
				DB3545EF29BEBF2900A6087E /* OtherProfileViewController.swift in Sources */,
				5DB24CAA2995BB5900654978 /* RegisterationController.swift in Sources */,
				DB3545F129BED6AF00A6087E /* CalendarHeaderView.swift in Sources */,
				DB3732D029C33420004A2DD2 /* FeedModel.swift in Sources */,
				DB3545F329BF4D7300A6087E /* DefaultModel.swift in Sources */,
				25432FDB299E378900CC2FBC /* String+.swift in Sources */,
				E56E0ECA29976763009FD906 /* ProfileCell.swift in Sources */,
				DB80B38729BB7824009F8E2E /* CategoryCell.swift in Sources */,
				DB2503EE29AA619F00B0AE39 /* UIImage+.swift in Sources */,
				DB5E6A3429C0DF850078B27F /* TermsOfUseViewController.swift in Sources */,
				DB284A7A29B8D9C800630FCE /* ProfileService.swift in Sources */,
				DB3632B829C78391006157F9 /* StandardActionSheetViewcontroller.swift in Sources */,
				E56E0E9B29934661009FD906 /* AccountSettingViewController.swift in Sources */,
				DBC3619829A0F8CD0011C319 /* FeedService.swift in Sources */,
				DBAB63F129C2D01400A056C7 /* AlarmStatusModel.swift in Sources */,
				DBC3619129A0B05C0011C319 /* NotificationName+.swift in Sources */,
				DB80B38329BA4998009F8E2E /* Date+.swift in Sources */,
				DB284A7C29B8E70C00630FCE /* ImageUploadDelegate.swift in Sources */,
				DB7987A329BB8D7500E0CACC /* CategoryDelegate.swift in Sources */,
				DB80B38129BA2DBE009F8E2E /* StatisticsModel.swift in Sources */,
				DB3DE7CA29B62A4D00A95218 /* ProfileModel.swift in Sources */,
				DBC3618B29A097490011C319 /* StandardAlertController.swift in Sources */,
				5DB24CB22995CC7D00654978 /* TokenService.swift in Sources */,
				DB5E6A3629C0E6D00078B27F /* PrivacyTermsViewController.swift in Sources */,
				E5E05EB72967D025004C3891 /* CategoryActionSheetViewController.swift in Sources */,
				DB7BDC8C2961BCF400AA304B /* FeedCell.swift in Sources */,
				E5E05EB12967C2F5004C3891 /* PostViewController.swift in Sources */,
				DB3732CC29C3238A004A2DD2 /* ReportViewDelegate.swift in Sources */,
				DBAB63EF29C2C3B800A056C7 /* AlarmService.swift in Sources */,
				5DA014FF29A69DEA005F25AE /* EditProfileViewController.swift in Sources */,
				DB36866429C1BF0500FE0C04 /* EmailModel.swift in Sources */,
				E56E0E9629934661009FD906 /* FeedbackViewController.swift in Sources */,
				DB3EB8C0299E3B1600434666 /* ReportType.swift in Sources */,
				DBC3619629A0C3000011C319 /* mainButton.swift in Sources */,
				DB5AFDE52960052D00667336 /* CustomActionSheet.swift in Sources */,
				DBC3618D29A0A5340011C319 /* PaddingLabel.swift in Sources */,
				DB80B37F29BA29BB009F8E2E /* StatisticsService.swift in Sources */,
				DB3632BB29C78D37006157F9 /* StandardActionSheetAction.swift in Sources */,
				DB3545F529C095EA00A6087E /* UnderLineTextFiled.swift in Sources */,
				E56E0E9429934661009FD906 /* SettingViewController.swift in Sources */,
				E56E0EDB299F0D9F009FD906 /* PostModel.swift in Sources */,
				DB5AFDF92960068F00667336 /* UIColor+.swift in Sources */,
				DB61A71729BDE57B00D3CE06 /* ActionSheetDelegate.swift in Sources */,
				DB58082829B722440095BEEF /* CalendarHeaderDelegate.swift in Sources */,
				DBAB63EB29C206C900A056C7 /* OtherFeedCell.swift in Sources */,
				DBAB63ED29C21B6400A056C7 /* OtherFeedWithDayViewController.swift in Sources */,
				DB61A71929BDEB0600D3CE06 /* DetailFeedModel.swift in Sources */,
				E56E0E9F29934661009FD906 /* UserPrivacyViewController.swift in Sources */,
				E56E0E9929934661009FD906 /* AlertViewController.swift in Sources */,
				DB3732CE29C32DED004A2DD2 /* OtherFeedCellWithDay.swift in Sources */,
				DB5E6A3829C0ED2E0078B27F /* UIViewController+.swift in Sources */,
				5DCB6BDD29A9A32100EE5580 /* UIButton+.swift in Sources */,
				DB3EB8BC299E086D00434666 /* LookAroundDelegate.swift in Sources */,
				E56E0E9529934661009FD906 /* PolicyViewController.swift in Sources */,
				DB000F02297011D70097D6C8 /* LoginViewController.swift in Sources */,
				5DCAA351299FBB7F005090E5 /* CheckView.swift in Sources */,
				DB3B464729AB3CF8005F90C3 /* CategoryModel.swift in Sources */,
				DB3EB8BE299E384400434666 /* ReportViewController.swift in Sources */,
				DB2503EC29AA21F300B0AE39 /* ImgPageControlView.swift in Sources */,
				DB39C06029C5CBBB008B566C /* ImageCacheManager.swift in Sources */,
				25E32F52299B61E5003FF02B /* FindPasswordViewController.swift in Sources */,
				DB5AFE0E2960171100667336 /* HomeViewController.swift in Sources */,
				DB3B601A29BDD8800087B04B /* ActionSheetViewController.swift in Sources */,
				DB3B601829BDB4D40087B04B /* FeedCellWithHome.swift in Sources */,
				E56E0ED9299F0228009FD906 /* AlarmViewCell.swift in Sources */,
				5DB24CB02995CC6E00654978 /* AuthService.swift in Sources */,
				DB58082529B70C5F0095BEEF /* CalendarHeader.swift in Sources */,
				DBC3618F29A0A8550011C319 /* StandardAlertAction.swift in Sources */,
				DB7987A729BDA45700E0CACC /* FeedWithDayViewController.swift in Sources */,
				DB3DE7C829B60C8700A95218 /* MyPageService.swift in Sources */,
				DB7BDC8A2961601200AA304B /* CustomTopTabbar.swift in Sources */,
				DB5AFE122960173900667336 /* MyPageViewController.swift in Sources */,
				DB3B601C29BDDF940087B04B /* FeedDelegate.swift in Sources */,
				E56E0ED7299F0152009FD906 /* AlarmViewController.swift in Sources */,
				DB000F00297011A50097D6C8 /* MyPageCell.swift in Sources */,
				5DCAA34F299F9A63005090E5 /* EmailAuthViewController.swift in Sources */,
				5DB24CAE2995CC4B00654978 /* AuthModel.swift in Sources */,
				DB3EB8B9299E054800434666 /* ReportActionSheet.swift in Sources */,
				DB5AFE102960171E00667336 /* LookAroundViewController.swift in Sources */,
				DB3DE7C629B60BC000A95218 /* MyPageModel.swift in Sources */,
				DB3545F729C0A42600A6087E /* UnderLineTextFieldDelegate.swift in Sources */,
				E56E0ECD299B1DCD009FD906 /* PersonaModel.swift in Sources */,
				DB58082A29B729100095BEEF /* TextFieldComponent.swift in Sources */,
				DB5AFDE12960052D00667336 /* AppDelegate.swift in Sources */,
				DB80B38529BA4CD6009F8E2E /* CalendarInfoModel.swift in Sources */,
				DBD8DD5F296315150081CD21 /* ProfileView.swift in Sources */,
				DB2503EA29A9EDFE00B0AE39 /* FeedListModel.swift in Sources */,
				5DB24CA82995B76600654978 /* SettingCell.swift in Sources */,
				5DCAA353299FC619005090E5 /* AgreeViewController.swift in Sources */,
				DB7987A529BC6EEE00E0CACC /* CalendarCell.swift in Sources */,
				DB5AFDE32960052D00667336 /* SceneDelegate.swift in Sources */,
				DBED0ED929B4C71900415219 /* ReportModel.swift in Sources */,
				DB3EB8C2299E414200434666 /* ReportCell.swift in Sources */,
			);
			runOnlyForDeploymentPostprocessing = 0;
		};
/* End PBXSourcesBuildPhase section */

/* Begin PBXVariantGroup section */
		DB5AFDEB2960053100667336 /* LaunchScreen.storyboard */ = {
			isa = PBXVariantGroup;
			children = (
				DB5AFDEC2960053100667336 /* Base */,
			);
			name = LaunchScreen.storyboard;
			sourceTree = "<group>";
		};
/* End PBXVariantGroup section */

/* Begin XCBuildConfiguration section */
		DB5AFDEF2960053100667336 /* Debug */ = {
			isa = XCBuildConfiguration;
			buildSettings = {
				ALWAYS_SEARCH_USER_PATHS = NO;
				CLANG_ANALYZER_NONNULL = YES;
				CLANG_ANALYZER_NUMBER_OBJECT_CONVERSION = YES_AGGRESSIVE;
				CLANG_CXX_LANGUAGE_STANDARD = "gnu++20";
				CLANG_ENABLE_MODULES = YES;
				CLANG_ENABLE_OBJC_ARC = YES;
				CLANG_ENABLE_OBJC_WEAK = YES;
				CLANG_WARN_BLOCK_CAPTURE_AUTORELEASING = YES;
				CLANG_WARN_BOOL_CONVERSION = YES;
				CLANG_WARN_COMMA = YES;
				CLANG_WARN_CONSTANT_CONVERSION = YES;
				CLANG_WARN_DEPRECATED_OBJC_IMPLEMENTATIONS = YES;
				CLANG_WARN_DIRECT_OBJC_ISA_USAGE = YES_ERROR;
				CLANG_WARN_DOCUMENTATION_COMMENTS = YES;
				CLANG_WARN_EMPTY_BODY = YES;
				CLANG_WARN_ENUM_CONVERSION = YES;
				CLANG_WARN_INFINITE_RECURSION = YES;
				CLANG_WARN_INT_CONVERSION = YES;
				CLANG_WARN_NON_LITERAL_NULL_CONVERSION = YES;
				CLANG_WARN_OBJC_IMPLICIT_RETAIN_SELF = YES;
				CLANG_WARN_OBJC_LITERAL_CONVERSION = YES;
				CLANG_WARN_OBJC_ROOT_CLASS = YES_ERROR;
				CLANG_WARN_QUOTED_INCLUDE_IN_FRAMEWORK_HEADER = YES;
				CLANG_WARN_RANGE_LOOP_ANALYSIS = YES;
				CLANG_WARN_STRICT_PROTOTYPES = YES;
				CLANG_WARN_SUSPICIOUS_MOVE = YES;
				CLANG_WARN_UNGUARDED_AVAILABILITY = YES_AGGRESSIVE;
				CLANG_WARN_UNREACHABLE_CODE = YES;
				CLANG_WARN__DUPLICATE_METHOD_MATCH = YES;
				COPY_PHASE_STRIP = NO;
				DEBUG_INFORMATION_FORMAT = dwarf;
				ENABLE_STRICT_OBJC_MSGSEND = YES;
				ENABLE_TESTABILITY = YES;
				GCC_C_LANGUAGE_STANDARD = gnu11;
				GCC_DYNAMIC_NO_PIC = NO;
				GCC_NO_COMMON_BLOCKS = YES;
				GCC_OPTIMIZATION_LEVEL = 0;
				GCC_PREPROCESSOR_DEFINITIONS = (
					"DEBUG=1",
					"$(inherited)",
				);
				GCC_WARN_64_TO_32_BIT_CONVERSION = YES;
				GCC_WARN_ABOUT_RETURN_TYPE = YES_ERROR;
				GCC_WARN_UNDECLARED_SELECTOR = YES;
				GCC_WARN_UNINITIALIZED_AUTOS = YES_AGGRESSIVE;
				GCC_WARN_UNUSED_FUNCTION = YES;
				GCC_WARN_UNUSED_VARIABLE = YES;
				IPHONEOS_DEPLOYMENT_TARGET = 15.0;
				MTL_ENABLE_DEBUG_INFO = INCLUDE_SOURCE;
				MTL_FAST_MATH = YES;
				ONLY_ACTIVE_ARCH = YES;
				SDKROOT = iphoneos;
				SWIFT_ACTIVE_COMPILATION_CONDITIONS = DEBUG;
				SWIFT_OPTIMIZATION_LEVEL = "-Onone";
			};
			name = Debug;
		};
		DB5AFDF02960053100667336 /* Release */ = {
			isa = XCBuildConfiguration;
			buildSettings = {
				ALWAYS_SEARCH_USER_PATHS = NO;
				CLANG_ANALYZER_NONNULL = YES;
				CLANG_ANALYZER_NUMBER_OBJECT_CONVERSION = YES_AGGRESSIVE;
				CLANG_CXX_LANGUAGE_STANDARD = "gnu++20";
				CLANG_ENABLE_MODULES = YES;
				CLANG_ENABLE_OBJC_ARC = YES;
				CLANG_ENABLE_OBJC_WEAK = YES;
				CLANG_WARN_BLOCK_CAPTURE_AUTORELEASING = YES;
				CLANG_WARN_BOOL_CONVERSION = YES;
				CLANG_WARN_COMMA = YES;
				CLANG_WARN_CONSTANT_CONVERSION = YES;
				CLANG_WARN_DEPRECATED_OBJC_IMPLEMENTATIONS = YES;
				CLANG_WARN_DIRECT_OBJC_ISA_USAGE = YES_ERROR;
				CLANG_WARN_DOCUMENTATION_COMMENTS = YES;
				CLANG_WARN_EMPTY_BODY = YES;
				CLANG_WARN_ENUM_CONVERSION = YES;
				CLANG_WARN_INFINITE_RECURSION = YES;
				CLANG_WARN_INT_CONVERSION = YES;
				CLANG_WARN_NON_LITERAL_NULL_CONVERSION = YES;
				CLANG_WARN_OBJC_IMPLICIT_RETAIN_SELF = YES;
				CLANG_WARN_OBJC_LITERAL_CONVERSION = YES;
				CLANG_WARN_OBJC_ROOT_CLASS = YES_ERROR;
				CLANG_WARN_QUOTED_INCLUDE_IN_FRAMEWORK_HEADER = YES;
				CLANG_WARN_RANGE_LOOP_ANALYSIS = YES;
				CLANG_WARN_STRICT_PROTOTYPES = YES;
				CLANG_WARN_SUSPICIOUS_MOVE = YES;
				CLANG_WARN_UNGUARDED_AVAILABILITY = YES_AGGRESSIVE;
				CLANG_WARN_UNREACHABLE_CODE = YES;
				CLANG_WARN__DUPLICATE_METHOD_MATCH = YES;
				COPY_PHASE_STRIP = NO;
				DEBUG_INFORMATION_FORMAT = "dwarf-with-dsym";
				ENABLE_NS_ASSERTIONS = NO;
				ENABLE_STRICT_OBJC_MSGSEND = YES;
				GCC_C_LANGUAGE_STANDARD = gnu11;
				GCC_NO_COMMON_BLOCKS = YES;
				GCC_WARN_64_TO_32_BIT_CONVERSION = YES;
				GCC_WARN_ABOUT_RETURN_TYPE = YES_ERROR;
				GCC_WARN_UNDECLARED_SELECTOR = YES;
				GCC_WARN_UNINITIALIZED_AUTOS = YES_AGGRESSIVE;
				GCC_WARN_UNUSED_FUNCTION = YES;
				GCC_WARN_UNUSED_VARIABLE = YES;
				IPHONEOS_DEPLOYMENT_TARGET = 15.0;
				MTL_ENABLE_DEBUG_INFO = NO;
				MTL_FAST_MATH = YES;
				SDKROOT = iphoneos;
				SWIFT_COMPILATION_MODE = wholemodule;
				SWIFT_OPTIMIZATION_LEVEL = "-O";
				VALIDATE_PRODUCT = YES;
			};
			name = Release;
		};
		DB5AFDF22960053100667336 /* Debug */ = {
			isa = XCBuildConfiguration;
			baseConfigurationReference = 444E19A11B52940DAC691D1D /* Pods-OnandOff.debug.xcconfig */;
			buildSettings = {
				ASSETCATALOG_COMPILER_APPICON_NAME = AppIcon;
				ASSETCATALOG_COMPILER_GLOBAL_ACCENT_COLOR_NAME = AccentColor;
				CODE_SIGN_ENTITLEMENTS = OnandOff/OnandOff.entitlements;
				CODE_SIGN_IDENTITY = "Apple Development";
				CODE_SIGN_STYLE = Automatic;
				CURRENT_PROJECT_VERSION = 7;
				DEVELOPMENT_TEAM = V2YNV9QV27;
				GENERATE_INFOPLIST_FILE = YES;
				INFOPLIST_FILE = OnandOff/Info.plist;
				INFOPLIST_KEY_CFBundleDisplayName = "온앤오프";
				INFOPLIST_KEY_LSApplicationCategoryType = "public.app-category.lifestyle";
				INFOPLIST_KEY_NSCameraUsageDescription = "프로필 사진 및 게시글 이미지 촬영을 위해 카메라에 접근합니다.";
				INFOPLIST_KEY_NSPhotoLibraryAddUsageDescription = "프로필 사진 및 게시글 이미지 업로드를 위해 앨범에 접근합니다.";
				INFOPLIST_KEY_NSPhotoLibraryUsageDescription = "프로필 사진 및 게시글 이미지 업로드를 위해 앨범에 접근합니다.";
				INFOPLIST_KEY_UIApplicationSupportsIndirectInputEvents = YES;
				INFOPLIST_KEY_UILaunchStoryboardName = LaunchScreen;
				INFOPLIST_KEY_UISupportedInterfaceOrientations = UIInterfaceOrientationPortrait;
				INFOPLIST_KEY_UISupportedInterfaceOrientations_iPad = "UIInterfaceOrientationLandscapeLeft UIInterfaceOrientationLandscapeRight UIInterfaceOrientationPortrait UIInterfaceOrientationPortraitUpsideDown";
				IPHONEOS_DEPLOYMENT_TARGET = 15.0;
				LD_RUNPATH_SEARCH_PATHS = (
					"$(inherited)",
					"@executable_path/Frameworks",
				);
				MARKETING_VERSION = 1.0.2;
				PRODUCT_BUNDLE_IDENTIFIER = iosdevSW.OnandOff;
				PRODUCT_NAME = "$(TARGET_NAME)";
				PROVISIONING_PROFILE_SPECIFIER = "";
				SUPPORTED_PLATFORMS = "iphoneos iphonesimulator";
				SUPPORTS_MACCATALYST = NO;
				SUPPORTS_MAC_DESIGNED_FOR_IPHONE_IPAD = NO;
				SWIFT_EMIT_LOC_STRINGS = YES;
				SWIFT_VERSION = 5.0;
				TARGETED_DEVICE_FAMILY = 1;
			};
			name = Debug;
		};
		DB5AFDF32960053100667336 /* Release */ = {
			isa = XCBuildConfiguration;
			baseConfigurationReference = 14B10D6834B0D34676CE9E9A /* Pods-OnandOff.release.xcconfig */;
			buildSettings = {
				ASSETCATALOG_COMPILER_APPICON_NAME = AppIcon;
				ASSETCATALOG_COMPILER_GLOBAL_ACCENT_COLOR_NAME = AccentColor;
				CODE_SIGN_ENTITLEMENTS = OnandOff/OnandOff.entitlements;
				CODE_SIGN_IDENTITY = "Apple Development";
				CODE_SIGN_STYLE = Automatic;
				CURRENT_PROJECT_VERSION = 7;
				DEVELOPMENT_TEAM = V2YNV9QV27;
				GENERATE_INFOPLIST_FILE = YES;
				INFOPLIST_FILE = OnandOff/Info.plist;
				INFOPLIST_KEY_CFBundleDisplayName = "온앤오프";
				INFOPLIST_KEY_LSApplicationCategoryType = "public.app-category.lifestyle";
				INFOPLIST_KEY_NSCameraUsageDescription = "프로필 사진 및 게시글 이미지 촬영을 위해 카메라에 접근합니다.";
				INFOPLIST_KEY_NSPhotoLibraryAddUsageDescription = "프로필 사진 및 게시글 이미지 업로드를 위해 앨범에 접근합니다.";
				INFOPLIST_KEY_NSPhotoLibraryUsageDescription = "프로필 사진 및 게시글 이미지 업로드를 위해 앨범에 접근합니다.";
				INFOPLIST_KEY_UIApplicationSupportsIndirectInputEvents = YES;
				INFOPLIST_KEY_UILaunchStoryboardName = LaunchScreen;
				INFOPLIST_KEY_UISupportedInterfaceOrientations = UIInterfaceOrientationPortrait;
				INFOPLIST_KEY_UISupportedInterfaceOrientations_iPad = "UIInterfaceOrientationLandscapeLeft UIInterfaceOrientationLandscapeRight UIInterfaceOrientationPortrait UIInterfaceOrientationPortraitUpsideDown";
				IPHONEOS_DEPLOYMENT_TARGET = 15.0;
				LD_RUNPATH_SEARCH_PATHS = (
					"$(inherited)",
					"@executable_path/Frameworks",
				);
				MARKETING_VERSION = 1.0.2;
				PRODUCT_BUNDLE_IDENTIFIER = iosdevSW.OnandOff;
				PRODUCT_NAME = "$(TARGET_NAME)";
				PROVISIONING_PROFILE_SPECIFIER = "";
				SUPPORTED_PLATFORMS = "iphoneos iphonesimulator";
				SUPPORTS_MACCATALYST = NO;
				SUPPORTS_MAC_DESIGNED_FOR_IPHONE_IPAD = NO;
				SWIFT_EMIT_LOC_STRINGS = YES;
				SWIFT_VERSION = 5.0;
				TARGETED_DEVICE_FAMILY = 1;
			};
			name = Release;
		};
/* End XCBuildConfiguration section */

/* Begin XCConfigurationList section */
		DB5AFDD82960052D00667336 /* Build configuration list for PBXProject "OnandOff" */ = {
			isa = XCConfigurationList;
			buildConfigurations = (
				DB5AFDEF2960053100667336 /* Debug */,
				DB5AFDF02960053100667336 /* Release */,
			);
			defaultConfigurationIsVisible = 0;
			defaultConfigurationName = Release;
		};
		DB5AFDF12960053100667336 /* Build configuration list for PBXNativeTarget "OnandOff" */ = {
			isa = XCConfigurationList;
			buildConfigurations = (
				DB5AFDF22960053100667336 /* Debug */,
				DB5AFDF32960053100667336 /* Release */,
			);
			defaultConfigurationIsVisible = 0;
			defaultConfigurationName = Release;
		};
/* End XCConfigurationList section */
	};
	rootObject = DB5AFDD52960052D00667336 /* Project object */;
}
